
Microsoft Visual Studio Solution File, Format Version 12.00
# Visual Studio 15
VisualStudioVersion = 15.0.26730.16
MinimumVisualStudioVersion = 10.0.40219.1
Project("{9A19103F-16F7-4668-BE54-9A1E7A4F7556}") = "Artnix.MapperFramework", "Artnix.Mapper\Artnix.MapperFramework.csproj", "{DF5B699F-9444-4AEF-A614-05120981F869}"
EndProject
Project("{9A19103F-16F7-4668-BE54-9A1E7A4F7556}") = "Artnix.MapperFramework.Tests", "Artnix.Mapper.Tests\Artnix.MapperFramework.Tests.csproj", "{1B615269-422B-4767-A392-EE90349A1C8C}"
EndProject
Project("{9A19103F-16F7-4668-BE54-9A1E7A4F7556}") = "ConsoleApp1", "ConsoleApp1\ConsoleApp1.csproj", "{758D48ED-EA68-435E-BDF5-89B45C4115CA}"
EndProject
Global
	GlobalSection(SolutionConfigurationPlatforms) = preSolution
		Debug|Any CPU = Debug|Any CPU
		Release|Any CPU = Release|Any CPU
	EndGlobalSection
	GlobalSection(ProjectConfigurationPlatforms) = postSolution
		{DF5B699F-9444-4AEF-A614-05120981F869}.Debug|Any CPU.ActiveCfg = Debug|Any CPU
		{DF5B699F-9444-4AEF-A614-05120981F869}.Debug|Any CPU.Build.0 = Debug|Any CPU
		{DF5B699F-9444-4AEF-A614-05120981F869}.Release|Any CPU.ActiveCfg = Release|Any CPU
		{DF5B699F-9444-4AEF-A614-05120981F869}.Release|Any CPU.Build.0 = Release|Any CPU
		{1B615269-422B-4767-A392-EE90349A1C8C}.Debug|Any CPU.ActiveCfg = Debug|Any CPU
		{1B615269-422B-4767-A392-EE90349A1C8C}.Debug|Any CPU.Build.0 = Debug|Any CPU
		{1B615269-422B-4767-A392-EE90349A1C8C}.Release|Any CPU.ActiveCfg = Release|Any CPU
		{1B615269-422B-4767-A392-EE90349A1C8C}.Release|Any CPU.Build.0 = Release|Any CPU
		{758D48ED-EA68-435E-BDF5-89B45C4115CA}.Debug|Any CPU.ActiveCfg = Debug|Any CPU
		{758D48ED-EA68-435E-BDF5-89B45C4115CA}.Debug|Any CPU.Build.0 = Debug|Any CPU
		{758D48ED-EA68-435E-BDF5-89B45C4115CA}.Release|Any CPU.ActiveCfg = Release|Any CPU
		{758D48ED-EA68-435E-BDF5-89B45C4115CA}.Release|Any CPU.Build.0 = Release|Any CPU
	EndGlobalSection
	GlobalSection(SolutionProperties) = preSolution
		HideSolutionNode = FALSE
	EndGlobalSection
	GlobalSection(ExtensibilityGlobals) = postSolution
		SolutionGuid = {2A7BD3D5-2C38-44E7-918A-69445C3B5A0A}
	EndGlobalSection
EndGlobal
